
Microsoft Visual Studio Solution File, Format Version 12.00
# Visual Studio 2012
Project("{FAE04EC0-301F-11D3-BF4B-00C04F79EFBC}") = "MikeSite", "MikeSite\MikeSite.csproj", "{99230E95-4805-4594-BA2B-9FE37BDFE63C}"
EndProject
Project("{2150E333-8FDC-42A3-9474-1A3956D46DE8}") = ".nuget", ".nuget", "{8C5F2F27-252E-4308-A37E-A4D6B2E4C2B0}"
	ProjectSection(SolutionItems) = preProject
		.nuget\NuGet.Config = .nuget\NuGet.Config
		.nuget\NuGet.exe = .nuget\NuGet.exe
		.nuget\NuGet.targets = .nuget\NuGet.targets
	EndProjectSection
EndProject
Global
	GlobalSection(SolutionConfigurationPlatforms) = preSolution
		Debug|Any CPU = Debug|Any CPU
		Release|Any CPU = Release|Any CPU
	EndGlobalSection
	GlobalSection(ProjectConfigurationPlatforms) = postSolution
		{99230E95-4805-4594-BA2B-9FE37BDFE63C}.Debug|Any CPU.ActiveCfg = Debug|Any CPU
		{99230E95-4805-4594-BA2B-9FE37BDFE63C}.Debug|Any CPU.Build.0 = Debug|Any CPU
		{99230E95-4805-4594-BA2B-9FE37BDFE63C}.Release|Any CPU.ActiveCfg = Release|Any CPU
		{99230E95-4805-4594-BA2B-9FE37BDFE63C}.Release|Any CPU.Build.0 = Release|Any CPU
	EndGlobalSection
	GlobalSection(SolutionProperties) = preSolution
		HideSolutionNode = FALSE
	EndGlobalSection
EndGlobal
